// !$*UTF8*$!
{
	archiveVersion = 1;
	classes = {
	};
	objectVersion = 56;
	objects = {

/* Begin PBXBuildFile section */
		580043F52BB0519F00C364CE /* ApiUpdate.swift in Sources */ = {isa = PBXBuildFile; fileRef = 580043F42BB0519F00C364CE /* ApiUpdate.swift */; };
		580043F72BB0CD9000C364CE /* ApiToken.swift in Sources */ = {isa = PBXBuildFile; fileRef = 580043F62BB0CD9000C364CE /* ApiToken.swift */; };
		580043FF2BB0D9B500C364CE /* UIColor+blend.swift in Sources */ = {isa = PBXBuildFile; fileRef = 580043FE2BB0D9B500C364CE /* UIColor+blend.swift */; };
		580044012BB0DB8400C364CE /* WalletTokenRow.swift in Sources */ = {isa = PBXBuildFile; fileRef = 580044002BB0DB8300C364CE /* WalletTokenRow.swift */; };
		580044032BB0DDAC00C364CE /* TokenAmount.swift in Sources */ = {isa = PBXBuildFile; fileRef = 580044022BB0DDAC00C364CE /* TokenAmount.swift */; };
		580044052BB0EA1400C364CE /* ApiBigint.swift in Sources */ = {isa = PBXBuildFile; fileRef = 580044042BB0EA1400C364CE /* ApiBigint.swift */; };
		580044092BB10BD200C364CE /* ApiActivity.swift in Sources */ = {isa = PBXBuildFile; fileRef = 580044082BB10BD200C364CE /* ApiActivity.swift */; };
		5800440B2BB173ED00C364CE /* ApiNft.swift in Sources */ = {isa = PBXBuildFile; fileRef = 5800440A2BB173ED00C364CE /* ApiNft.swift */; };
		5804E83A2BD49CEB00A44D76 /* Optional+or.swift in Sources */ = {isa = PBXBuildFile; fileRef = 5804E8392BD49CEB00A44D76 /* Optional+or.swift */; };
		5804E83E2BD4C8F500A44D76 /* ActivityDetailsSheet.swift in Sources */ = {isa = PBXBuildFile; fileRef = 5804E83D2BD4C8F500A44D76 /* ActivityDetailsSheet.swift */; };
		5804E8412BD4F2B600A44D76 /* AddCrypto.swift in Sources */ = {isa = PBXBuildFile; fileRef = 5804E8402BD4F2B600A44D76 /* AddCrypto.swift */; };
		5804E8432BD4F47C00A44D76 /* DismissToolbarItem.swift in Sources */ = {isa = PBXBuildFile; fileRef = 5804E8422BD4F47C00A44D76 /* DismissToolbarItem.swift */; };
		580B06FE2BE384C30024DA9D /* ConfirmActionView.swift in Sources */ = {isa = PBXBuildFile; fileRef = 580B06FD2BE384C30024DA9D /* ConfirmActionView.swift */; };
		580D090D2BAD8A6400575E4B /* LoginFlow.swift in Sources */ = {isa = PBXBuildFile; fileRef = 580D090C2BAD8A6400575E4B /* LoginFlow.swift */; };
		580D09132BAD912800575E4B /* LoginFlow+Buttons.swift in Sources */ = {isa = PBXBuildFile; fileRef = 580D09112BAD912800575E4B /* LoginFlow+Buttons.swift */; };
		580D09142BAD912800575E4B /* Sticker.swift in Sources */ = {isa = PBXBuildFile; fileRef = 580D09122BAD912800575E4B /* Sticker.swift */; };
		580D09172BAD91BF00575E4B /* Lottie in Frameworks */ = {isa = PBXBuildFile; productRef = 580D09162BAD91BF00575E4B /* Lottie */; };
		580D091A2BAD922100575E4B /* Gzip in Frameworks */ = {isa = PBXBuildFile; productRef = 580D09192BAD922100575E4B /* Gzip */; };
		581867A32BD10CED001A1A91 /* MtwAccount.swift in Sources */ = {isa = PBXBuildFile; fileRef = 581867A22BD10CED001A1A91 /* MtwAccount.swift */; };
		581867A52BD10D0E001A1A91 /* ApiNetwork.swift in Sources */ = {isa = PBXBuildFile; fileRef = 581867A42BD10D0E001A1A91 /* ApiNetwork.swift */; };
		581867A72BD11279001A1A91 /* GlobalModel.swift in Sources */ = {isa = PBXBuildFile; fileRef = 581867A62BD11279001A1A91 /* GlobalModel.swift */; };
		581867AA2BD113DE001A1A91 /* Perception in Frameworks */ = {isa = PBXBuildFile; productRef = 581867A92BD113DE001A1A91 /* Perception */; };
		581867AC2BD11D45001A1A91 /* AccountModel.swift in Sources */ = {isa = PBXBuildFile; fileRef = 581867AB2BD11D45001A1A91 /* AccountModel.swift */; };
		581867AF2BD18EA7001A1A91 /* Scaffold.swift in Sources */ = {isa = PBXBuildFile; fileRef = 581867AD2BD18EA7001A1A91 /* Scaffold.swift */; };
		581867B02BD18EA7001A1A91 /* TopAppBar.swift in Sources */ = {isa = PBXBuildFile; fileRef = 581867AE2BD18EA7001A1A91 /* TopAppBar.swift */; };
		58511A892BA37F1400E08053 /* App.swift in Sources */ = {isa = PBXBuildFile; fileRef = 58511A882BA37F1400E08053 /* App.swift */; };
		58511A8D2BA37F1600E08053 /* Assets.xcassets in Resources */ = {isa = PBXBuildFile; fileRef = 58511A8C2BA37F1600E08053 /* Assets.xcassets */; };
		5864B3822BE0009B009A6092 /* StakeSheet.swift in Sources */ = {isa = PBXBuildFile; fileRef = 5864B3812BE0009B009A6092 /* StakeSheet.swift */; };
		5864B3842BE000AC009A6092 /* StakeViewModel.swift in Sources */ = {isa = PBXBuildFile; fileRef = 5864B3832BE000AC009A6092 /* StakeViewModel.swift */; };
		5864B3872BE00965009A6092 /* Buttons.swift in Sources */ = {isa = PBXBuildFile; fileRef = 5864B3862BE00965009A6092 /* Buttons.swift */; };
		58659BF12BAAD143006E14C1 /* JSCoreConnection.swift in Sources */ = {isa = PBXBuildFile; fileRef = 58659BF02BAAD143006E14C1 /* JSCoreConnection.swift */; };
		58659BF42BAAD670006E14C1 /* Logger+file,funcLog.swift in Sources */ = {isa = PBXBuildFile; fileRef = 58659BF32BAAD670006E14C1 /* Logger+file,funcLog.swift */; };
		58659BF92BAAD6AF006E14C1 /* Optional+orThrow.swift in Sources */ = {isa = PBXBuildFile; fileRef = 58659BF52BAAD6AF006E14C1 /* Optional+orThrow.swift */; };
		58659BFA2BAAD6AF006E14C1 /* NSObject+with.swift in Sources */ = {isa = PBXBuildFile; fileRef = 58659BF62BAAD6AF006E14C1 /* NSObject+with.swift */; };
		58659BFC2BAAD6AF006E14C1 /* Button+asyncAction.swift in Sources */ = {isa = PBXBuildFile; fileRef = 58659BF82BAAD6AF006E14C1 /* Button+asyncAction.swift */; };
		58659BFE2BAAD79B006E14C1 /* Api.swift in Sources */ = {isa = PBXBuildFile; fileRef = 58659BFD2BAAD79B006E14C1 /* Api.swift */; };
		587539B52BDB23FE00A0B40E /* GRDB in Frameworks */ = {isa = PBXBuildFile; productRef = 587539B42BDB23FE00A0B40E /* GRDB */; };
		587539B72BDB246D00A0B40E /* SwapTokens.swift in Sources */ = {isa = PBXBuildFile; fileRef = 587539B62BDB246D00A0B40E /* SwapTokens.swift */; };
		587539B92BDB401100A0B40E /* SwapSheet.swift in Sources */ = {isa = PBXBuildFile; fileRef = 587539B82BDB401100A0B40E /* SwapSheet.swift */; };
		587539BB2BDBAFF600A0B40E /* KeyValueView.swift in Sources */ = {isa = PBXBuildFile; fileRef = 587539BA2BDBAFF500A0B40E /* KeyValueView.swift */; };
		5897499F2BDADE2500C15923 /* QRView.swift in Sources */ = {isa = PBXBuildFile; fileRef = 5897499E2BDADE2500C15923 /* QRView.swift */; };
		58A81F312BE3B1E300216431 /* DevelopmentView.swift in Sources */ = {isa = PBXBuildFile; fileRef = 58A81F302BE3B1E300216431 /* DevelopmentView.swift */; };
		58B4ABE02BBAC5B00007BF54 /* StatusBarAppearanceManager.swift in Sources */ = {isa = PBXBuildFile; fileRef = 58B4ABDF2BBAC5B00007BF54 /* StatusBarAppearanceManager.swift */; };
		58B4ABE32BBAE0770007BF54 /* TotalWalletValue.swift in Sources */ = {isa = PBXBuildFile; fileRef = 58B4ABE22BBAE0770007BF54 /* TotalWalletValue.swift */; };
		58B4ABE52BBAE0970007BF54 /* TopSection.swift in Sources */ = {isa = PBXBuildFile; fileRef = 58B4ABE42BBAE0960007BF54 /* TopSection.swift */; };
		58B4ABE72BBAE0CB0007BF54 /* AppDelegate.swift in Sources */ = {isa = PBXBuildFile; fileRef = 58B4ABE62BBAE0CB0007BF54 /* AppDelegate.swift */; };
		58B4ABE92BBAE0EF0007BF54 /* SceneDelegate.swift in Sources */ = {isa = PBXBuildFile; fileRef = 58B4ABE82BBAE0EF0007BF54 /* SceneDelegate.swift */; };
		58B4ABEB2BBAE9840007BF54 /* withRetry.swift in Sources */ = {isa = PBXBuildFile; fileRef = 58B4ABEA2BBAE9840007BF54 /* withRetry.swift */; };
		58B6041B2BA437C100049146 /* js-core in Resources */ = {isa = PBXBuildFile; fileRef = 58B6041A2BA437C100049146 /* js-core */; };
		58B934B02BB4AE290086DEBC /* Pow in Frameworks */ = {isa = PBXBuildFile; productRef = 58B934AF2BB4AE290086DEBC /* Pow */; };
		58B934B32BB4B56D0086DEBC /* TokenImage.swift in Sources */ = {isa = PBXBuildFile; fileRef = 58B934B22BB4B56D0086DEBC /* TokenImage.swift */; };
		58C8E6392BB2E6B200CDE5A0 /* SimpleToast in Frameworks */ = {isa = PBXBuildFile; productRef = 58C8E6382BB2E6B200CDE5A0 /* SimpleToast */; };
		58C8E63B2BB3123200CDE5A0 /* TonAddress.swift in Sources */ = {isa = PBXBuildFile; fileRef = 58C8E63A2BB3123200CDE5A0 /* TonAddress.swift */; };
		58CD63A12BDA855100F9C169 /* SendSheet.swift in Sources */ = {isa = PBXBuildFile; fileRef = 58CD63A02BDA855100F9C169 /* SendSheet.swift */; };
		58D164AE2BAB961D00DE08BF /* ApiError.swift in Sources */ = {isa = PBXBuildFile; fileRef = 58D164AD2BAB961D00DE08BF /* ApiError.swift */; };
		58D164B02BAB971800DE08BF /* JSReturnValue.swift in Sources */ = {isa = PBXBuildFile; fileRef = 58D164AF2BAB971800DE08BF /* JSReturnValue.swift */; };
		58D2D0222BB1A55300F613DE /* MtwActivity.swift in Sources */ = {isa = PBXBuildFile; fileRef = 58D2D0212BB1A55300F613DE /* MtwActivity.swift */; };
		58D4E6EC2BB449AB00831B07 /* SettingsTab.swift in Sources */ = {isa = PBXBuildFile; fileRef = 58D4E6EB2BB449AB00831B07 /* SettingsTab.swift */; };
		58D4E6EE2BB4588B00831B07 /* PrivacyInfo.xcprivacy in Resources */ = {isa = PBXBuildFile; fileRef = 58D4E6ED2BB4588B00831B07 /* PrivacyInfo.xcprivacy */; };
		58DDF7682BA82DF1003D9628 /* WalletTab.swift in Sources */ = {isa = PBXBuildFile; fileRef = 58DDF7672BA82DF1003D9628 /* WalletTab.swift */; };
		58DDF76A2BA82F8D003D9628 /* RootView.swift in Sources */ = {isa = PBXBuildFile; fileRef = 58DDF7692BA82F8D003D9628 /* RootView.swift */; };
		58DDF76C2BA8302B003D9628 /* UnderConstructionView.swift in Sources */ = {isa = PBXBuildFile; fileRef = 58DDF76B2BA8302B003D9628 /* UnderConstructionView.swift */; };
		58DDF76E2BA84CFB003D9628 /* Token+TokenValue.swift in Sources */ = {isa = PBXBuildFile; fileRef = 58DDF76D2BA84CFB003D9628 /* Token+TokenValue.swift */; };
		58DDF7702BA853C7003D9628 /* Currency+CurrencyValue.swift in Sources */ = {isa = PBXBuildFile; fileRef = 58DDF76F2BA853C7003D9628 /* Currency+CurrencyValue.swift */; };
		58DDF7722BA86B90003D9628 /* OffsetScrollView.swift in Sources */ = {isa = PBXBuildFile; fileRef = 58DDF7712BA86B90003D9628 /* OffsetScrollView.swift */; };
		58DDF7742BA86FEA003D9628 /* WithOffsetReporting.swift in Sources */ = {isa = PBXBuildFile; fileRef = 58DDF7732BA86FEA003D9628 /* WithOffsetReporting.swift */; };
		58DDF7762BA87572003D9628 /* ParentOffset.swift in Sources */ = {isa = PBXBuildFile; fileRef = 58DDF7752BA87572003D9628 /* ParentOffset.swift */; };
		58DDF7782BA87A2A003D9628 /* WalletTabScaffold.swift in Sources */ = {isa = PBXBuildFile; fileRef = 58DDF7772BA87A29003D9628 /* WalletTabScaffold.swift */; };
		58DDF77A2BA88130003D9628 /* GenericEnvironment.swift in Sources */ = {isa = PBXBuildFile; fileRef = 58DDF7792BA88130003D9628 /* GenericEnvironment.swift */; };
		58DDF77D2BA8E491003D9628 /* Algorithms in Frameworks */ = {isa = PBXBuildFile; productRef = 58DDF77C2BA8E491003D9628 /* Algorithms */; };
		58DDF7802BA8E782003D9628 /* BitCollections in Frameworks */ = {isa = PBXBuildFile; productRef = 58DDF77F2BA8E782003D9628 /* BitCollections */; };
		58DDF7822BA8E782003D9628 /* Collections in Frameworks */ = {isa = PBXBuildFile; productRef = 58DDF7812BA8E782003D9628 /* Collections */; };
		58DDF7842BA8E782003D9628 /* DequeModule in Frameworks */ = {isa = PBXBuildFile; productRef = 58DDF7832BA8E782003D9628 /* DequeModule */; };
		58DDF7862BA8E782003D9628 /* HashTreeCollections in Frameworks */ = {isa = PBXBuildFile; productRef = 58DDF7852BA8E782003D9628 /* HashTreeCollections */; };
		58DDF7882BA8E782003D9628 /* HeapModule in Frameworks */ = {isa = PBXBuildFile; productRef = 58DDF7872BA8E782003D9628 /* HeapModule */; };
		58DDF78A2BA8E782003D9628 /* OrderedCollections in Frameworks */ = {isa = PBXBuildFile; productRef = 58DDF7892BA8E782003D9628 /* OrderedCollections */; };
		58DDF78C2BA8E782003D9628 /* _RopeModule in Frameworks */ = {isa = PBXBuildFile; productRef = 58DDF78B2BA8E782003D9628 /* _RopeModule */; };
		58DDF78E2BA97802003D9628 /* ActivitiesSection.swift in Sources */ = {isa = PBXBuildFile; fileRef = 58DDF78D2BA97802003D9628 /* ActivitiesSection.swift */; };
		58DDF7902BA97B16003D9628 /* CellDivider.swift in Sources */ = {isa = PBXBuildFile; fileRef = 58DDF78F2BA97B16003D9628 /* CellDivider.swift */; };
		58DDF7922BA9AD92003D9628 /* ActivityDetailsView.swift in Sources */ = {isa = PBXBuildFile; fileRef = 58DDF7912BA9AD92003D9628 /* ActivityDetailsView.swift */; };
		58E6E7BA2BD2CFD4003FD94F /* TabBar.swift in Sources */ = {isa = PBXBuildFile; fileRef = 58E6E7B92BD2CFD4003FD94F /* TabBar.swift */; };
		58F4F5BB2BAC3D66000246C4 /* Secret.swift in Sources */ = {isa = PBXBuildFile; fileRef = 58F4F5BA2BAC3D66000246C4 /* Secret.swift */; };
		58F4F5BD2BAC6001000246C4 /* RequestProxy.swift in Sources */ = {isa = PBXBuildFile; fileRef = 58F4F5BC2BAC6001000246C4 /* RequestProxy.swift */; };
		58F4F5BF2BAC7DD3000246C4 /* HTTPApi.swift in Sources */ = {isa = PBXBuildFile; fileRef = 58F4F5BE2BAC7DD3000246C4 /* HTTPApi.swift */; };
		58FBD28C2BADE215005F5F09 /* OverrideStatusBarColor.swift in Sources */ = {isa = PBXBuildFile; fileRef = 58FBD28B2BADE214005F5F09 /* OverrideStatusBarColor.swift */; };
		58FBD2902BAECE22005F5F09 /* DebugView.swift in Sources */ = {isa = PBXBuildFile; fileRef = 58FBD28F2BAECE21005F5F09 /* DebugView.swift */; };
/* End PBXBuildFile section */

/* Begin PBXFileReference section */
		580043F42BB0519F00C364CE /* ApiUpdate.swift */ = {isa = PBXFileReference; lastKnownFileType = sourcecode.swift; path = ApiUpdate.swift; sourceTree = "<group>"; };
		580043F62BB0CD9000C364CE /* ApiToken.swift */ = {isa = PBXFileReference; lastKnownFileType = sourcecode.swift; path = ApiToken.swift; sourceTree = "<group>"; };
		580043FE2BB0D9B500C364CE /* UIColor+blend.swift */ = {isa = PBXFileReference; lastKnownFileType = sourcecode.swift; path = "UIColor+blend.swift"; sourceTree = "<group>"; };
		580044002BB0DB8300C364CE /* WalletTokenRow.swift */ = {isa = PBXFileReference; lastKnownFileType = sourcecode.swift; path = WalletTokenRow.swift; sourceTree = "<group>"; };
		580044022BB0DDAC00C364CE /* TokenAmount.swift */ = {isa = PBXFileReference; lastKnownFileType = sourcecode.swift; path = TokenAmount.swift; sourceTree = "<group>"; };
		580044042BB0EA1400C364CE /* ApiBigint.swift */ = {isa = PBXFileReference; lastKnownFileType = sourcecode.swift; path = ApiBigint.swift; sourceTree = "<group>"; };
		580044082BB10BD200C364CE /* ApiActivity.swift */ = {isa = PBXFileReference; lastKnownFileType = sourcecode.swift; path = ApiActivity.swift; sourceTree = "<group>"; };
		5800440A2BB173ED00C364CE /* ApiNft.swift */ = {isa = PBXFileReference; lastKnownFileType = sourcecode.swift; path = ApiNft.swift; sourceTree = "<group>"; };
		5804E8392BD49CEB00A44D76 /* Optional+or.swift */ = {isa = PBXFileReference; lastKnownFileType = sourcecode.swift; path = "Optional+or.swift"; sourceTree = "<group>"; };
		5804E83D2BD4C8F500A44D76 /* ActivityDetailsSheet.swift */ = {isa = PBXFileReference; lastKnownFileType = sourcecode.swift; path = ActivityDetailsSheet.swift; sourceTree = "<group>"; };
		5804E8402BD4F2B600A44D76 /* AddCrypto.swift */ = {isa = PBXFileReference; lastKnownFileType = sourcecode.swift; path = AddCrypto.swift; sourceTree = "<group>"; };
		5804E8422BD4F47C00A44D76 /* DismissToolbarItem.swift */ = {isa = PBXFileReference; lastKnownFileType = sourcecode.swift; path = DismissToolbarItem.swift; sourceTree = "<group>"; };
		580B06FD2BE384C30024DA9D /* ConfirmActionView.swift */ = {isa = PBXFileReference; lastKnownFileType = sourcecode.swift; path = ConfirmActionView.swift; sourceTree = "<group>"; };
		580D090C2BAD8A6400575E4B /* LoginFlow.swift */ = {isa = PBXFileReference; lastKnownFileType = sourcecode.swift; path = LoginFlow.swift; sourceTree = "<group>"; };
		580D09112BAD912800575E4B /* LoginFlow+Buttons.swift */ = {isa = PBXFileReference; fileEncoding = 4; lastKnownFileType = sourcecode.swift; path = "LoginFlow+Buttons.swift"; sourceTree = "<group>"; };
		580D09122BAD912800575E4B /* Sticker.swift */ = {isa = PBXFileReference; fileEncoding = 4; lastKnownFileType = sourcecode.swift; path = Sticker.swift; sourceTree = "<group>"; };
		581867A22BD10CED001A1A91 /* MtwAccount.swift */ = {isa = PBXFileReference; lastKnownFileType = sourcecode.swift; path = MtwAccount.swift; sourceTree = "<group>"; };
		581867A42BD10D0E001A1A91 /* ApiNetwork.swift */ = {isa = PBXFileReference; lastKnownFileType = sourcecode.swift; path = ApiNetwork.swift; sourceTree = "<group>"; };
		581867A62BD11279001A1A91 /* GlobalModel.swift */ = {isa = PBXFileReference; lastKnownFileType = sourcecode.swift; path = GlobalModel.swift; sourceTree = "<group>"; };
		581867AB2BD11D45001A1A91 /* AccountModel.swift */ = {isa = PBXFileReference; lastKnownFileType = sourcecode.swift; path = AccountModel.swift; sourceTree = "<group>"; };
		581867AD2BD18EA7001A1A91 /* Scaffold.swift */ = {isa = PBXFileReference; fileEncoding = 4; lastKnownFileType = sourcecode.swift; path = Scaffold.swift; sourceTree = "<group>"; };
		581867AE2BD18EA7001A1A91 /* TopAppBar.swift */ = {isa = PBXFileReference; fileEncoding = 4; lastKnownFileType = sourcecode.swift; path = TopAppBar.swift; sourceTree = "<group>"; };
		58511A852BA37F1400E08053 /* MyTonWallet.app */ = {isa = PBXFileReference; explicitFileType = wrapper.application; includeInIndex = 0; path = MyTonWallet.app; sourceTree = BUILT_PRODUCTS_DIR; };
		58511A882BA37F1400E08053 /* App.swift */ = {isa = PBXFileReference; lastKnownFileType = sourcecode.swift; path = App.swift; sourceTree = "<group>"; };
		58511A8C2BA37F1600E08053 /* Assets.xcassets */ = {isa = PBXFileReference; lastKnownFileType = folder.assetcatalog; path = Assets.xcassets; sourceTree = "<group>"; };
		5864B3812BE0009B009A6092 /* StakeSheet.swift */ = {isa = PBXFileReference; lastKnownFileType = sourcecode.swift; path = StakeSheet.swift; sourceTree = "<group>"; };
		5864B3832BE000AC009A6092 /* StakeViewModel.swift */ = {isa = PBXFileReference; lastKnownFileType = sourcecode.swift; path = StakeViewModel.swift; sourceTree = "<group>"; };
		5864B3862BE00965009A6092 /* Buttons.swift */ = {isa = PBXFileReference; lastKnownFileType = sourcecode.swift; path = Buttons.swift; sourceTree = "<group>"; };
		58659BF02BAAD143006E14C1 /* JSCoreConnection.swift */ = {isa = PBXFileReference; lastKnownFileType = sourcecode.swift; path = JSCoreConnection.swift; sourceTree = "<group>"; };
		58659BF32BAAD670006E14C1 /* Logger+file,funcLog.swift */ = {isa = PBXFileReference; fileEncoding = 4; lastKnownFileType = sourcecode.swift; path = "Logger+file,funcLog.swift"; sourceTree = "<group>"; };
		58659BF52BAAD6AF006E14C1 /* Optional+orThrow.swift */ = {isa = PBXFileReference; fileEncoding = 4; lastKnownFileType = sourcecode.swift; path = "Optional+orThrow.swift"; sourceTree = "<group>"; };
		58659BF62BAAD6AF006E14C1 /* NSObject+with.swift */ = {isa = PBXFileReference; fileEncoding = 4; lastKnownFileType = sourcecode.swift; path = "NSObject+with.swift"; sourceTree = "<group>"; };
		58659BF82BAAD6AF006E14C1 /* Button+asyncAction.swift */ = {isa = PBXFileReference; fileEncoding = 4; lastKnownFileType = sourcecode.swift; path = "Button+asyncAction.swift"; sourceTree = "<group>"; };
		58659BFD2BAAD79B006E14C1 /* Api.swift */ = {isa = PBXFileReference; lastKnownFileType = sourcecode.swift; path = Api.swift; sourceTree = "<group>"; };
		587539B62BDB246D00A0B40E /* SwapTokens.swift */ = {isa = PBXFileReference; lastKnownFileType = sourcecode.swift; path = SwapTokens.swift; sourceTree = "<group>"; };
		587539B82BDB401100A0B40E /* SwapSheet.swift */ = {isa = PBXFileReference; lastKnownFileType = sourcecode.swift; path = SwapSheet.swift; sourceTree = "<group>"; };
		587539BA2BDBAFF500A0B40E /* KeyValueView.swift */ = {isa = PBXFileReference; lastKnownFileType = sourcecode.swift; path = KeyValueView.swift; sourceTree = "<group>"; };
		5897499E2BDADE2500C15923 /* QRView.swift */ = {isa = PBXFileReference; lastKnownFileType = sourcecode.swift; path = QRView.swift; sourceTree = "<group>"; };
		58A81F302BE3B1E300216431 /* DevelopmentView.swift */ = {isa = PBXFileReference; lastKnownFileType = sourcecode.swift; path = DevelopmentView.swift; sourceTree = "<group>"; };
		58B4ABDF2BBAC5B00007BF54 /* StatusBarAppearanceManager.swift */ = {isa = PBXFileReference; lastKnownFileType = sourcecode.swift; path = StatusBarAppearanceManager.swift; sourceTree = "<group>"; };
		58B4ABE22BBAE0770007BF54 /* TotalWalletValue.swift */ = {isa = PBXFileReference; lastKnownFileType = sourcecode.swift; path = TotalWalletValue.swift; sourceTree = "<group>"; };
		58B4ABE42BBAE0960007BF54 /* TopSection.swift */ = {isa = PBXFileReference; lastKnownFileType = sourcecode.swift; path = TopSection.swift; sourceTree = "<group>"; };
		58B4ABE62BBAE0CB0007BF54 /* AppDelegate.swift */ = {isa = PBXFileReference; lastKnownFileType = sourcecode.swift; path = AppDelegate.swift; sourceTree = "<group>"; };
		58B4ABE82BBAE0EF0007BF54 /* SceneDelegate.swift */ = {isa = PBXFileReference; lastKnownFileType = sourcecode.swift; path = SceneDelegate.swift; sourceTree = "<group>"; };
		58B4ABEA2BBAE9840007BF54 /* withRetry.swift */ = {isa = PBXFileReference; fileEncoding = 4; lastKnownFileType = sourcecode.swift; path = withRetry.swift; sourceTree = "<group>"; };
		58B6041A2BA437C100049146 /* js-core */ = {isa = PBXFileReference; lastKnownFileType = folder; path = "js-core"; sourceTree = "<group>"; };
		58B6041C2BA43A5200049146 /* Info.plist */ = {isa = PBXFileReference; lastKnownFileType = text.plist; path = Info.plist; sourceTree = "<group>"; };
		58B934B22BB4B56D0086DEBC /* TokenImage.swift */ = {isa = PBXFileReference; lastKnownFileType = sourcecode.swift; path = TokenImage.swift; sourceTree = "<group>"; };
		58C8E63A2BB3123200CDE5A0 /* TonAddress.swift */ = {isa = PBXFileReference; lastKnownFileType = sourcecode.swift; path = TonAddress.swift; sourceTree = "<group>"; };
		58CD63A02BDA855100F9C169 /* SendSheet.swift */ = {isa = PBXFileReference; lastKnownFileType = sourcecode.swift; path = SendSheet.swift; sourceTree = "<group>"; };
		58D164AD2BAB961D00DE08BF /* ApiError.swift */ = {isa = PBXFileReference; lastKnownFileType = sourcecode.swift; path = ApiError.swift; sourceTree = "<group>"; };
		58D164AF2BAB971800DE08BF /* JSReturnValue.swift */ = {isa = PBXFileReference; lastKnownFileType = sourcecode.swift; path = JSReturnValue.swift; sourceTree = "<group>"; };
		58D2D0212BB1A55300F613DE /* MtwActivity.swift */ = {isa = PBXFileReference; lastKnownFileType = sourcecode.swift; path = MtwActivity.swift; sourceTree = "<group>"; };
		58D4E6EB2BB449AB00831B07 /* SettingsTab.swift */ = {isa = PBXFileReference; lastKnownFileType = sourcecode.swift; path = SettingsTab.swift; sourceTree = "<group>"; };
		58D4E6ED2BB4588B00831B07 /* PrivacyInfo.xcprivacy */ = {isa = PBXFileReference; lastKnownFileType = text.xml; path = PrivacyInfo.xcprivacy; sourceTree = "<group>"; };
		58DDF7672BA82DF1003D9628 /* WalletTab.swift */ = {isa = PBXFileReference; lastKnownFileType = sourcecode.swift; path = WalletTab.swift; sourceTree = "<group>"; };
		58DDF7692BA82F8D003D9628 /* RootView.swift */ = {isa = PBXFileReference; lastKnownFileType = sourcecode.swift; path = RootView.swift; sourceTree = "<group>"; };
		58DDF76B2BA8302B003D9628 /* UnderConstructionView.swift */ = {isa = PBXFileReference; lastKnownFileType = sourcecode.swift; path = UnderConstructionView.swift; sourceTree = "<group>"; };
		58DDF76D2BA84CFB003D9628 /* Token+TokenValue.swift */ = {isa = PBXFileReference; lastKnownFileType = sourcecode.swift; path = "Token+TokenValue.swift"; sourceTree = "<group>"; };
		58DDF76F2BA853C7003D9628 /* Currency+CurrencyValue.swift */ = {isa = PBXFileReference; lastKnownFileType = sourcecode.swift; path = "Currency+CurrencyValue.swift"; sourceTree = "<group>"; };
		58DDF7712BA86B90003D9628 /* OffsetScrollView.swift */ = {isa = PBXFileReference; lastKnownFileType = sourcecode.swift; path = OffsetScrollView.swift; sourceTree = "<group>"; };
		58DDF7732BA86FEA003D9628 /* WithOffsetReporting.swift */ = {isa = PBXFileReference; lastKnownFileType = sourcecode.swift; path = WithOffsetReporting.swift; sourceTree = "<group>"; };
		58DDF7752BA87572003D9628 /* ParentOffset.swift */ = {isa = PBXFileReference; lastKnownFileType = sourcecode.swift; path = ParentOffset.swift; sourceTree = "<group>"; };
		58DDF7772BA87A29003D9628 /* WalletTabScaffold.swift */ = {isa = PBXFileReference; lastKnownFileType = sourcecode.swift; path = WalletTabScaffold.swift; sourceTree = "<group>"; };
		58DDF7792BA88130003D9628 /* GenericEnvironment.swift */ = {isa = PBXFileReference; lastKnownFileType = sourcecode.swift; path = GenericEnvironment.swift; sourceTree = "<group>"; };
		58DDF78D2BA97802003D9628 /* ActivitiesSection.swift */ = {isa = PBXFileReference; lastKnownFileType = sourcecode.swift; path = ActivitiesSection.swift; sourceTree = "<group>"; };
		58DDF78F2BA97B16003D9628 /* CellDivider.swift */ = {isa = PBXFileReference; lastKnownFileType = sourcecode.swift; path = CellDivider.swift; sourceTree = "<group>"; };
		58DDF7912BA9AD92003D9628 /* ActivityDetailsView.swift */ = {isa = PBXFileReference; lastKnownFileType = sourcecode.swift; path = ActivityDetailsView.swift; sourceTree = "<group>"; };
		58E6E7B92BD2CFD4003FD94F /* TabBar.swift */ = {isa = PBXFileReference; lastKnownFileType = sourcecode.swift; path = TabBar.swift; sourceTree = "<group>"; };
		58F4F5BA2BAC3D66000246C4 /* Secret.swift */ = {isa = PBXFileReference; lastKnownFileType = sourcecode.swift; path = Secret.swift; sourceTree = "<group>"; };
		58F4F5BC2BAC6001000246C4 /* RequestProxy.swift */ = {isa = PBXFileReference; lastKnownFileType = sourcecode.swift; path = RequestProxy.swift; sourceTree = "<group>"; };
		58F4F5BE2BAC7DD3000246C4 /* HTTPApi.swift */ = {isa = PBXFileReference; lastKnownFileType = sourcecode.swift; path = HTTPApi.swift; sourceTree = "<group>"; };
		58FBD28B2BADE214005F5F09 /* OverrideStatusBarColor.swift */ = {isa = PBXFileReference; fileEncoding = 4; lastKnownFileType = sourcecode.swift; path = OverrideStatusBarColor.swift; sourceTree = "<group>"; };
		58FBD28F2BAECE21005F5F09 /* DebugView.swift */ = {isa = PBXFileReference; lastKnownFileType = sourcecode.swift; path = DebugView.swift; sourceTree = "<group>"; };
		58FBD2912BAECF4E005F5F09 /* MyTonWallet.entitlements */ = {isa = PBXFileReference; lastKnownFileType = text.plist.entitlements; path = MyTonWallet.entitlements; sourceTree = "<group>"; };
/* End PBXFileReference section */

/* Begin PBXFrameworksBuildPhase section */
		58511A822BA37F1400E08053 /* Frameworks */ = {
			isa = PBXFrameworksBuildPhase;
			buildActionMask = 2147483647;
			files = (
				58DDF7862BA8E782003D9628 /* HashTreeCollections in Frameworks */,
				58DDF7822BA8E782003D9628 /* Collections in Frameworks */,
				580D09172BAD91BF00575E4B /* Lottie in Frameworks */,
				58DDF7842BA8E782003D9628 /* DequeModule in Frameworks */,
				581867AA2BD113DE001A1A91 /* Perception in Frameworks */,
				587539B52BDB23FE00A0B40E /* GRDB in Frameworks */,
				58DDF7802BA8E782003D9628 /* BitCollections in Frameworks */,
				58DDF7882BA8E782003D9628 /* HeapModule in Frameworks */,
				580D091A2BAD922100575E4B /* Gzip in Frameworks */,
				58DDF78A2BA8E782003D9628 /* OrderedCollections in Frameworks */,
				58DDF78C2BA8E782003D9628 /* _RopeModule in Frameworks */,
				58B934B02BB4AE290086DEBC /* Pow in Frameworks */,
				58C8E6392BB2E6B200CDE5A0 /* SimpleToast in Frameworks */,
				58DDF77D2BA8E491003D9628 /* Algorithms in Frameworks */,
			);
			runOnlyForDeploymentPostprocessing = 0;
		};
/* End PBXFrameworksBuildPhase section */

/* Begin PBXGroup section */
		580043FA2BB0D8FA00C364CE /* Components */ = {
			isa = PBXGroup;
			children = (
				58B934B22BB4B56D0086DEBC /* TokenImage.swift */,
				58DDF76B2BA8302B003D9628 /* UnderConstructionView.swift */,
				58DDF78F2BA97B16003D9628 /* CellDivider.swift */,
				5804E8422BD4F47C00A44D76 /* DismissToolbarItem.swift */,
				581867AD2BD18EA7001A1A91 /* Scaffold.swift */,
				581867AE2BD18EA7001A1A91 /* TopAppBar.swift */,
				5897499E2BDADE2500C15923 /* QRView.swift */,
				587539BA2BDBAFF500A0B40E /* KeyValueView.swift */,
				580B06FD2BE384C30024DA9D /* ConfirmActionView.swift */,
			);
			path = Components;
			sourceTree = "<group>";
		};
		580043FB2BB0D90800C364CE /* Root */ = {
			isa = PBXGroup;
			children = (
				58DDF7692BA82F8D003D9628 /* RootView.swift */,
				58E6E7B92BD2CFD4003FD94F /* TabBar.swift */,
				58D4E6EB2BB449AB00831B07 /* SettingsTab.swift */,
			);
			path = Root;
			sourceTree = "<group>";
		};
		580043FC2BB0D90F00C364CE /* Wallet Tab */ = {
			isa = PBXGroup;
			children = (
				58DDF7672BA82DF1003D9628 /* WalletTab.swift */,
				58DDF7772BA87A29003D9628 /* WalletTabScaffold.swift */,
				5804E8442BD4FB4400A44D76 /* Top section */,
				5804E83B2BD4C80800A44D76 /* Activities section */,
				5804E83C2BD4C83F00A44D76 /* Activity details */,
				5804E83F2BD4F29300A44D76 /* Add Crypto */,
				58CD639F2BDA845600F9C169 /* Send */,
				58CD639D2BDA836800F9C169 /* Swap */,
				58CD639E2BDA837E00F9C169 /* Stake */,
			);
			path = "Wallet Tab";
			sourceTree = "<group>";
		};
		580043FD2BB0D93A00C364CE /* Utils */ = {
			isa = PBXGroup;
			children = (
				58DDF7752BA87572003D9628 /* ParentOffset.swift */,
				58DDF7792BA88130003D9628 /* GenericEnvironment.swift */,
				58DDF7732BA86FEA003D9628 /* WithOffsetReporting.swift */,
				58DDF7712BA86B90003D9628 /* OffsetScrollView.swift */,
				580043FE2BB0D9B500C364CE /* UIColor+blend.swift */,
				58659BF82BAAD6AF006E14C1 /* Button+asyncAction.swift */,
				58B4ABDF2BBAC5B00007BF54 /* StatusBarAppearanceManager.swift */,
			);
			path = Utils;
			sourceTree = "<group>";
		};
		5804E83B2BD4C80800A44D76 /* Activities section */ = {
			isa = PBXGroup;
			children = (
				58DDF78D2BA97802003D9628 /* ActivitiesSection.swift */,
			);
			path = "Activities section";
			sourceTree = "<group>";
		};
		5804E83C2BD4C83F00A44D76 /* Activity details */ = {
			isa = PBXGroup;
			children = (
				5804E83D2BD4C8F500A44D76 /* ActivityDetailsSheet.swift */,
				58DDF7912BA9AD92003D9628 /* ActivityDetailsView.swift */,
			);
			path = "Activity details";
			sourceTree = "<group>";
		};
		5804E83F2BD4F29300A44D76 /* Add Crypto */ = {
			isa = PBXGroup;
			children = (
				5804E8402BD4F2B600A44D76 /* AddCrypto.swift */,
			);
			path = "Add Crypto";
			sourceTree = "<group>";
		};
		5804E8442BD4FB4400A44D76 /* Top section */ = {
			isa = PBXGroup;
			children = (
				58B4ABE42BBAE0960007BF54 /* TopSection.swift */,
				58B4ABE22BBAE0770007BF54 /* TotalWalletValue.swift */,
				580044002BB0DB8300C364CE /* WalletTokenRow.swift */,
			);
			path = "Top section";
			sourceTree = "<group>";
		};
		580D09102BAD907B00575E4B /* Login Flow */ = {
			isa = PBXGroup;
			children = (
				580D090C2BAD8A6400575E4B /* LoginFlow.swift */,
				580D09112BAD912800575E4B /* LoginFlow+Buttons.swift */,
				580D09122BAD912800575E4B /* Sticker.swift */,
			);
			path = "Login Flow";
			sourceTree = "<group>";
		};
		58511A7C2BA37F1400E08053 = {
			isa = PBXGroup;
			children = (
				58F4F5BA2BAC3D66000246C4 /* Secret.swift */,
				58511A872BA37F1400E08053 /* MyTonWallet */,
				58B6041A2BA437C100049146 /* js-core */,
				58511A862BA37F1400E08053 /* Products */,
			);
			sourceTree = "<group>";
		};
		58511A862BA37F1400E08053 /* Products */ = {
			isa = PBXGroup;
			children = (
				58511A852BA37F1400E08053 /* MyTonWallet.app */,
			);
			name = Products;
			sourceTree = "<group>";
		};
		58511A872BA37F1400E08053 /* MyTonWallet */ = {
			isa = PBXGroup;
			children = (
				58B4ABE12BBACC4B0007BF54 /* App */,
				58659BEE2BAAD0DB006E14C1 /* API */,
				58659BEA2BAAD094006E14C1 /* Model */,
				58659BED2BAAD0C1006E14C1 /* UI */,
				58659BF22BAAD647006E14C1 /* Utils */,
				58659BEF2BAAD0E4006E14C1 /* Resources */,
			);
			path = MyTonWallet;
			sourceTree = "<group>";
		};
		5864B3852BE00949009A6092 /* Theme and styling */ = {
			isa = PBXGroup;
			children = (
				5864B3862BE00965009A6092 /* Buttons.swift */,
			);
			path = "Theme and styling";
			sourceTree = "<group>";
		};
		58659BEA2BAAD094006E14C1 /* Model */ = {
			isa = PBXGroup;
			children = (
				581867A62BD11279001A1A91 /* GlobalModel.swift */,
				581867AB2BD11D45001A1A91 /* AccountModel.swift */,
				587539B62BDB246D00A0B40E /* SwapTokens.swift */,
				580044022BB0DDAC00C364CE /* TokenAmount.swift */,
				581867A22BD10CED001A1A91 /* MtwAccount.swift */,
				58C8E63A2BB3123200CDE5A0 /* TonAddress.swift */,
				58D2D0212BB1A55300F613DE /* MtwActivity.swift */,
				58DDF76D2BA84CFB003D9628 /* Token+TokenValue.swift */,
				58DDF76F2BA853C7003D9628 /* Currency+CurrencyValue.swift */,
			);
			path = Model;
			sourceTree = "<group>";
		};
		58659BED2BAAD0C1006E14C1 /* UI */ = {
			isa = PBXGroup;
			children = (
				5864B3852BE00949009A6092 /* Theme and styling */,
				580043FB2BB0D90800C364CE /* Root */,
				580043FC2BB0D90F00C364CE /* Wallet Tab */,
				580043FA2BB0D8FA00C364CE /* Components */,
				580043FD2BB0D93A00C364CE /* Utils */,
				580D09102BAD907B00575E4B /* Login Flow */,
			);
			path = UI;
			sourceTree = "<group>";
		};
		58659BEE2BAAD0DB006E14C1 /* API */ = {
			isa = PBXGroup;
			children = (
				58659BFD2BAAD79B006E14C1 /* Api.swift */,
				58D164AD2BAB961D00DE08BF /* ApiError.swift */,
				580043F42BB0519F00C364CE /* ApiUpdate.swift */,
				580043F62BB0CD9000C364CE /* ApiToken.swift */,
				5800440A2BB173ED00C364CE /* ApiNft.swift */,
				580044082BB10BD200C364CE /* ApiActivity.swift */,
				580044042BB0EA1400C364CE /* ApiBigint.swift */,
				58F4F5BE2BAC7DD3000246C4 /* HTTPApi.swift */,
				58F4F5BC2BAC6001000246C4 /* RequestProxy.swift */,
				58659BF02BAAD143006E14C1 /* JSCoreConnection.swift */,
				58D164AF2BAB971800DE08BF /* JSReturnValue.swift */,
				581867A42BD10D0E001A1A91 /* ApiNetwork.swift */,
			);
			path = API;
			sourceTree = "<group>";
		};
		58659BEF2BAAD0E4006E14C1 /* Resources */ = {
			isa = PBXGroup;
			children = (
				58D4E6ED2BB4588B00831B07 /* PrivacyInfo.xcprivacy */,
				58FBD2912BAECF4E005F5F09 /* MyTonWallet.entitlements */,
				58B6041C2BA43A5200049146 /* Info.plist */,
				58511A8C2BA37F1600E08053 /* Assets.xcassets */,
			);
			name = Resources;
			sourceTree = "<group>";
		};
		58659BF22BAAD647006E14C1 /* Utils */ = {
			isa = PBXGroup;
			children = (
				58659BF32BAAD670006E14C1 /* Logger+file,funcLog.swift */,
				58659BF62BAAD6AF006E14C1 /* NSObject+with.swift */,
				58659BF52BAAD6AF006E14C1 /* Optional+orThrow.swift */,
				5804E8392BD49CEB00A44D76 /* Optional+or.swift */,
				58B4ABEA2BBAE9840007BF54 /* withRetry.swift */,
				58FBD28B2BADE214005F5F09 /* OverrideStatusBarColor.swift */,
			);
			path = Utils;
			sourceTree = "<group>";
		};
		58B4ABE12BBACC4B0007BF54 /* App */ = {
			isa = PBXGroup;
			children = (
				58511A882BA37F1400E08053 /* App.swift */,
				58B4ABE62BBAE0CB0007BF54 /* AppDelegate.swift */,
				58B4ABE82BBAE0EF0007BF54 /* SceneDelegate.swift */,
				58FBD28F2BAECE21005F5F09 /* DebugView.swift */,
				58A81F302BE3B1E300216431 /* DevelopmentView.swift */,
			);
			path = App;
			sourceTree = "<group>";
		};
		58CD639D2BDA836800F9C169 /* Swap */ = {
			isa = PBXGroup;
			children = (
				587539B82BDB401100A0B40E /* SwapSheet.swift */,
			);
			path = Swap;
			sourceTree = "<group>";
		};
		58CD639E2BDA837E00F9C169 /* Stake */ = {
			isa = PBXGroup;
			children = (
				5864B3832BE000AC009A6092 /* StakeViewModel.swift */,
				5864B3812BE0009B009A6092 /* StakeSheet.swift */,
			);
			path = Stake;
			sourceTree = "<group>";
		};
		58CD639F2BDA845600F9C169 /* Send */ = {
			isa = PBXGroup;
			children = (
				58CD63A02BDA855100F9C169 /* SendSheet.swift */,
			);
			path = Send;
			sourceTree = "<group>";
		};
/* End PBXGroup section */

/* Begin PBXNativeTarget section */
		58511A842BA37F1400E08053 /* MyTonWallet */ = {
			isa = PBXNativeTarget;
			buildConfigurationList = 58511A932BA37F1600E08053 /* Build configuration list for PBXNativeTarget "MyTonWallet" */;
			buildPhases = (
				58511A812BA37F1400E08053 /* Sources */,
				58511A822BA37F1400E08053 /* Frameworks */,
				58511A832BA37F1400E08053 /* Resources */,
			);
			buildRules = (
			);
			dependencies = (
			);
			name = MyTonWallet;
			packageProductDependencies = (
				58DDF77C2BA8E491003D9628 /* Algorithms */,
				58DDF77F2BA8E782003D9628 /* BitCollections */,
				58DDF7812BA8E782003D9628 /* Collections */,
				58DDF7832BA8E782003D9628 /* DequeModule */,
				58DDF7852BA8E782003D9628 /* HashTreeCollections */,
				58DDF7872BA8E782003D9628 /* HeapModule */,
				58DDF7892BA8E782003D9628 /* OrderedCollections */,
				58DDF78B2BA8E782003D9628 /* _RopeModule */,
				580D09162BAD91BF00575E4B /* Lottie */,
				580D09192BAD922100575E4B /* Gzip */,
				58C8E6382BB2E6B200CDE5A0 /* SimpleToast */,
				58B934AF2BB4AE290086DEBC /* Pow */,
				581867A92BD113DE001A1A91 /* Perception */,
				587539B42BDB23FE00A0B40E /* GRDB */,
			);
			productName = mytonwallet;
			productReference = 58511A852BA37F1400E08053 /* MyTonWallet.app */;
			productType = "com.apple.product-type.application";
		};
/* End PBXNativeTarget section */

/* Begin PBXProject section */
		58511A7D2BA37F1400E08053 /* Project object */ = {
			isa = PBXProject;
			attributes = {
				BuildIndependentTargetsInParallel = 1;
				LastSwiftUpdateCheck = 1500;
				LastUpgradeCheck = 1500;
				TargetAttributes = {
					58511A842BA37F1400E08053 = {
						CreatedOnToolsVersion = 15.0.1;
					};
				};
			};
			buildConfigurationList = 58511A802BA37F1400E08053 /* Build configuration list for PBXProject "MyTonWallet" */;
			compatibilityVersion = "Xcode 14.0";
			developmentRegion = en;
			hasScannedForEncodings = 0;
			knownRegions = (
				en,
				Base,
			);
			mainGroup = 58511A7C2BA37F1400E08053;
			packageReferences = (
				58DDF77B2BA8E490003D9628 /* XCRemoteSwiftPackageReference "swift-algorithms" */,
				58DDF77E2BA8E782003D9628 /* XCRemoteSwiftPackageReference "swift-collections" */,
				580D09152BAD91BF00575E4B /* XCRemoteSwiftPackageReference "lottie-spm" */,
				580D09182BAD922100575E4B /* XCRemoteSwiftPackageReference "GzipSwift" */,
				58C8E6372BB2E6B100CDE5A0 /* XCRemoteSwiftPackageReference "SimpleToast" */,
				58B934AE2BB4AE290086DEBC /* XCRemoteSwiftPackageReference "Pow" */,
				581867A82BD113DE001A1A91 /* XCRemoteSwiftPackageReference "swift-perception" */,
				587539B32BDB23FE00A0B40E /* XCRemoteSwiftPackageReference "GRDB.swift" */,
			);
			productRefGroup = 58511A862BA37F1400E08053 /* Products */;
			projectDirPath = "";
			projectRoot = "";
			targets = (
				58511A842BA37F1400E08053 /* MyTonWallet */,
			);
		};
/* End PBXProject section */

/* Begin PBXResourcesBuildPhase section */
		58511A832BA37F1400E08053 /* Resources */ = {
			isa = PBXResourcesBuildPhase;
			buildActionMask = 2147483647;
			files = (
				58D4E6EE2BB4588B00831B07 /* PrivacyInfo.xcprivacy in Resources */,
				58B6041B2BA437C100049146 /* js-core in Resources */,
				58511A8D2BA37F1600E08053 /* Assets.xcassets in Resources */,
			);
			runOnlyForDeploymentPostprocessing = 0;
		};
/* End PBXResourcesBuildPhase section */

/* Begin PBXSourcesBuildPhase section */
		58511A812BA37F1400E08053 /* Sources */ = {
			isa = PBXSourcesBuildPhase;
			buildActionMask = 2147483647;
			files = (
				58DDF76E2BA84CFB003D9628 /* Token+TokenValue.swift in Sources */,
				581867A72BD11279001A1A91 /* GlobalModel.swift in Sources */,
				58DDF7762BA87572003D9628 /* ParentOffset.swift in Sources */,
				5804E8432BD4F47C00A44D76 /* DismissToolbarItem.swift in Sources */,
				58D4E6EC2BB449AB00831B07 /* SettingsTab.swift in Sources */,
				58DDF7902BA97B16003D9628 /* CellDivider.swift in Sources */,
				5804E83A2BD49CEB00A44D76 /* Optional+or.swift in Sources */,
				58D2D0222BB1A55300F613DE /* MtwActivity.swift in Sources */,
				58DDF7922BA9AD92003D9628 /* ActivityDetailsView.swift in Sources */,
				58B4ABEB2BBAE9840007BF54 /* withRetry.swift in Sources */,
				58D164AE2BAB961D00DE08BF /* ApiError.swift in Sources */,
				581867A52BD10D0E001A1A91 /* ApiNetwork.swift in Sources */,
				58659BFA2BAAD6AF006E14C1 /* NSObject+with.swift in Sources */,
				58E6E7BA2BD2CFD4003FD94F /* TabBar.swift in Sources */,
				58659BFE2BAAD79B006E14C1 /* Api.swift in Sources */,
				58B4ABE72BBAE0CB0007BF54 /* AppDelegate.swift in Sources */,
				58DDF7722BA86B90003D9628 /* OffsetScrollView.swift in Sources */,
				58B4ABE02BBAC5B00007BF54 /* StatusBarAppearanceManager.swift in Sources */,
				58FBD28C2BADE215005F5F09 /* OverrideStatusBarColor.swift in Sources */,
				580D09132BAD912800575E4B /* LoginFlow+Buttons.swift in Sources */,
				581867B02BD18EA7001A1A91 /* TopAppBar.swift in Sources */,
				58FBD2902BAECE22005F5F09 /* DebugView.swift in Sources */,
				58F4F5BB2BAC3D66000246C4 /* Secret.swift in Sources */,
				58DDF7682BA82DF1003D9628 /* WalletTab.swift in Sources */,
				580043FF2BB0D9B500C364CE /* UIColor+blend.swift in Sources */,
				58A81F312BE3B1E300216431 /* DevelopmentView.swift in Sources */,
				58CD63A12BDA855100F9C169 /* SendSheet.swift in Sources */,
				580D090D2BAD8A6400575E4B /* LoginFlow.swift in Sources */,
				5897499F2BDADE2500C15923 /* QRView.swift in Sources */,
				58659BF92BAAD6AF006E14C1 /* Optional+orThrow.swift in Sources */,
				58DDF76C2BA8302B003D9628 /* UnderConstructionView.swift in Sources */,
				5800440B2BB173ED00C364CE /* ApiNft.swift in Sources */,
				587539B92BDB401100A0B40E /* SwapSheet.swift in Sources */,
				58DDF76A2BA82F8D003D9628 /* RootView.swift in Sources */,
				580B06FE2BE384C30024DA9D /* ConfirmActionView.swift in Sources */,
				58B934B32BB4B56D0086DEBC /* TokenImage.swift in Sources */,
				58DDF7782BA87A2A003D9628 /* WalletTabScaffold.swift in Sources */,
				581867AC2BD11D45001A1A91 /* AccountModel.swift in Sources */,
				5864B3872BE00965009A6092 /* Buttons.swift in Sources */,
				581867A32BD10CED001A1A91 /* MtwAccount.swift in Sources */,
				58D164B02BAB971800DE08BF /* JSReturnValue.swift in Sources */,
				5864B3842BE000AC009A6092 /* StakeViewModel.swift in Sources */,
				5864B3822BE0009B009A6092 /* StakeSheet.swift in Sources */,
				58659BFC2BAAD6AF006E14C1 /* Button+asyncAction.swift in Sources */,
				58659BF42BAAD670006E14C1 /* Logger+file,funcLog.swift in Sources */,
				58C8E63B2BB3123200CDE5A0 /* TonAddress.swift in Sources */,
				58DDF7702BA853C7003D9628 /* Currency+CurrencyValue.swift in Sources */,
				58DDF7742BA86FEA003D9628 /* WithOffsetReporting.swift in Sources */,
				5804E83E2BD4C8F500A44D76 /* ActivityDetailsSheet.swift in Sources */,
				58511A892BA37F1400E08053 /* App.swift in Sources */,
				58B4ABE32BBAE0770007BF54 /* TotalWalletValue.swift in Sources */,
				587539BB2BDBAFF600A0B40E /* KeyValueView.swift in Sources */,
				58F4F5BF2BAC7DD3000246C4 /* HTTPApi.swift in Sources */,
				58DDF77A2BA88130003D9628 /* GenericEnvironment.swift in Sources */,
				581867AF2BD18EA7001A1A91 /* Scaffold.swift in Sources */,
				580044032BB0DDAC00C364CE /* TokenAmount.swift in Sources */,
				58B4ABE52BBAE0970007BF54 /* TopSection.swift in Sources */,
				580043F72BB0CD9000C364CE /* ApiToken.swift in Sources */,
				580044012BB0DB8400C364CE /* WalletTokenRow.swift in Sources */,
				587539B72BDB246D00A0B40E /* SwapTokens.swift in Sources */,
				580044052BB0EA1400C364CE /* ApiBigint.swift in Sources */,
				58F4F5BD2BAC6001000246C4 /* RequestProxy.swift in Sources */,
				5804E8412BD4F2B600A44D76 /* AddCrypto.swift in Sources */,
				580044092BB10BD200C364CE /* ApiActivity.swift in Sources */,
				58B4ABE92BBAE0EF0007BF54 /* SceneDelegate.swift in Sources */,
				580D09142BAD912800575E4B /* Sticker.swift in Sources */,
				580043F52BB0519F00C364CE /* ApiUpdate.swift in Sources */,
				58659BF12BAAD143006E14C1 /* JSCoreConnection.swift in Sources */,
				58DDF78E2BA97802003D9628 /* ActivitiesSection.swift in Sources */,
			);
			runOnlyForDeploymentPostprocessing = 0;
		};
/* End PBXSourcesBuildPhase section */

/* Begin XCBuildConfiguration section */
		58511A912BA37F1600E08053 /* Debug */ = {
			isa = XCBuildConfiguration;
			buildSettings = {
				ALWAYS_SEARCH_USER_PATHS = NO;
				ASSETCATALOG_COMPILER_GENERATE_SWIFT_ASSET_SYMBOL_EXTENSIONS = YES;
				CLANG_ANALYZER_NONNULL = YES;
				CLANG_ANALYZER_NUMBER_OBJECT_CONVERSION = YES_AGGRESSIVE;
				CLANG_CXX_LANGUAGE_STANDARD = "gnu++20";
				CLANG_ENABLE_MODULES = YES;
				CLANG_ENABLE_OBJC_ARC = YES;
				CLANG_ENABLE_OBJC_WEAK = YES;
				CLANG_WARN_BLOCK_CAPTURE_AUTORELEASING = YES;
				CLANG_WARN_BOOL_CONVERSION = YES;
				CLANG_WARN_COMMA = YES;
				CLANG_WARN_CONSTANT_CONVERSION = YES;
				CLANG_WARN_DEPRECATED_OBJC_IMPLEMENTATIONS = YES;
				CLANG_WARN_DIRECT_OBJC_ISA_USAGE = YES_ERROR;
				CLANG_WARN_DOCUMENTATION_COMMENTS = YES;
				CLANG_WARN_EMPTY_BODY = YES;
				CLANG_WARN_ENUM_CONVERSION = YES;
				CLANG_WARN_INFINITE_RECURSION = YES;
				CLANG_WARN_INT_CONVERSION = YES;
				CLANG_WARN_NON_LITERAL_NULL_CONVERSION = YES;
				CLANG_WARN_OBJC_IMPLICIT_RETAIN_SELF = YES;
				CLANG_WARN_OBJC_LITERAL_CONVERSION = YES;
				CLANG_WARN_OBJC_ROOT_CLASS = YES_ERROR;
				CLANG_WARN_QUOTED_INCLUDE_IN_FRAMEWORK_HEADER = YES;
				CLANG_WARN_RANGE_LOOP_ANALYSIS = YES;
				CLANG_WARN_STRICT_PROTOTYPES = YES;
				CLANG_WARN_SUSPICIOUS_MOVE = YES;
				CLANG_WARN_UNGUARDED_AVAILABILITY = YES_AGGRESSIVE;
				CLANG_WARN_UNREACHABLE_CODE = YES;
				CLANG_WARN__DUPLICATE_METHOD_MATCH = YES;
				COPY_PHASE_STRIP = NO;
				DEBUG_INFORMATION_FORMAT = dwarf;
				ENABLE_STRICT_OBJC_MSGSEND = YES;
				ENABLE_TESTABILITY = YES;
				ENABLE_USER_SCRIPT_SANDBOXING = YES;
				GCC_C_LANGUAGE_STANDARD = gnu17;
				GCC_DYNAMIC_NO_PIC = NO;
				GCC_NO_COMMON_BLOCKS = YES;
				GCC_OPTIMIZATION_LEVEL = 0;
				GCC_PREPROCESSOR_DEFINITIONS = (
					"DEBUG=1",
					"$(inherited)",
				);
				GCC_WARN_64_TO_32_BIT_CONVERSION = YES;
				GCC_WARN_ABOUT_RETURN_TYPE = YES_ERROR;
				GCC_WARN_UNDECLARED_SELECTOR = YES;
				GCC_WARN_UNINITIALIZED_AUTOS = YES_AGGRESSIVE;
				GCC_WARN_UNUSED_FUNCTION = YES;
				GCC_WARN_UNUSED_VARIABLE = YES;
				IPHONEOS_DEPLOYMENT_TARGET = 16.0;
				LOCALIZATION_PREFERS_STRING_CATALOGS = YES;
				MTL_ENABLE_DEBUG_INFO = INCLUDE_SOURCE;
				MTL_FAST_MATH = YES;
				ONLY_ACTIVE_ARCH = YES;
				SDKROOT = iphoneos;
				SWIFT_ACTIVE_COMPILATION_CONDITIONS = "DEBUG $(inherited)";
				SWIFT_OPTIMIZATION_LEVEL = "-Onone";
			};
			name = Debug;
		};
		58511A922BA37F1600E08053 /* Release */ = {
			isa = XCBuildConfiguration;
			buildSettings = {
				ALWAYS_SEARCH_USER_PATHS = NO;
				ASSETCATALOG_COMPILER_GENERATE_SWIFT_ASSET_SYMBOL_EXTENSIONS = YES;
				CLANG_ANALYZER_NONNULL = YES;
				CLANG_ANALYZER_NUMBER_OBJECT_CONVERSION = YES_AGGRESSIVE;
				CLANG_CXX_LANGUAGE_STANDARD = "gnu++20";
				CLANG_ENABLE_MODULES = YES;
				CLANG_ENABLE_OBJC_ARC = YES;
				CLANG_ENABLE_OBJC_WEAK = YES;
				CLANG_WARN_BLOCK_CAPTURE_AUTORELEASING = YES;
				CLANG_WARN_BOOL_CONVERSION = YES;
				CLANG_WARN_COMMA = YES;
				CLANG_WARN_CONSTANT_CONVERSION = YES;
				CLANG_WARN_DEPRECATED_OBJC_IMPLEMENTATIONS = YES;
				CLANG_WARN_DIRECT_OBJC_ISA_USAGE = YES_ERROR;
				CLANG_WARN_DOCUMENTATION_COMMENTS = YES;
				CLANG_WARN_EMPTY_BODY = YES;
				CLANG_WARN_ENUM_CONVERSION = YES;
				CLANG_WARN_INFINITE_RECURSION = YES;
				CLANG_WARN_INT_CONVERSION = YES;
				CLANG_WARN_NON_LITERAL_NULL_CONVERSION = YES;
				CLANG_WARN_OBJC_IMPLICIT_RETAIN_SELF = YES;
				CLANG_WARN_OBJC_LITERAL_CONVERSION = YES;
				CLANG_WARN_OBJC_ROOT_CLASS = YES_ERROR;
				CLANG_WARN_QUOTED_INCLUDE_IN_FRAMEWORK_HEADER = YES;
				CLANG_WARN_RANGE_LOOP_ANALYSIS = YES;
				CLANG_WARN_STRICT_PROTOTYPES = YES;
				CLANG_WARN_SUSPICIOUS_MOVE = YES;
				CLANG_WARN_UNGUARDED_AVAILABILITY = YES_AGGRESSIVE;
				CLANG_WARN_UNREACHABLE_CODE = YES;
				CLANG_WARN__DUPLICATE_METHOD_MATCH = YES;
				COPY_PHASE_STRIP = NO;
				DEBUG_INFORMATION_FORMAT = "dwarf-with-dsym";
				ENABLE_NS_ASSERTIONS = NO;
				ENABLE_STRICT_OBJC_MSGSEND = YES;
				ENABLE_USER_SCRIPT_SANDBOXING = YES;
				GCC_C_LANGUAGE_STANDARD = gnu17;
				GCC_NO_COMMON_BLOCKS = YES;
				GCC_WARN_64_TO_32_BIT_CONVERSION = YES;
				GCC_WARN_ABOUT_RETURN_TYPE = YES_ERROR;
				GCC_WARN_UNDECLARED_SELECTOR = YES;
				GCC_WARN_UNINITIALIZED_AUTOS = YES_AGGRESSIVE;
				GCC_WARN_UNUSED_FUNCTION = YES;
				GCC_WARN_UNUSED_VARIABLE = YES;
				IPHONEOS_DEPLOYMENT_TARGET = 16.0;
				LOCALIZATION_PREFERS_STRING_CATALOGS = YES;
				MTL_ENABLE_DEBUG_INFO = NO;
				MTL_FAST_MATH = YES;
				SDKROOT = iphoneos;
				SWIFT_COMPILATION_MODE = wholemodule;
				VALIDATE_PRODUCT = YES;
			};
			name = Release;
		};
		58511A942BA37F1600E08053 /* Debug */ = {
			isa = XCBuildConfiguration;
			buildSettings = {
				ASSETCATALOG_COMPILER_APPICON_NAME = AppIcon;
				ASSETCATALOG_COMPILER_GLOBAL_ACCENT_COLOR_NAME = AccentColor;
				CODE_SIGN_ENTITLEMENTS = MyTonWallet/MyTonWallet.entitlements;
				CODE_SIGN_IDENTITY = "Apple Development";
				CODE_SIGN_STYLE = Automatic;
				CURRENT_PROJECT_VERSION = 2;
				DEVELOPMENT_ASSET_PATHS = "";
				DEVELOPMENT_TEAM = 6RX8GEVB43;
				ENABLE_PREVIEWS = YES;
				GENERATE_INFOPLIST_FILE = YES;
				INFOPLIST_FILE = mytonwallet/Info.plist;
				INFOPLIST_KEY_LSApplicationCategoryType = "public.app-category.finance";
				INFOPLIST_KEY_UIApplicationSceneManifest_Generation = YES;
				INFOPLIST_KEY_UIApplicationSupportsIndirectInputEvents = YES;
				INFOPLIST_KEY_UIStatusBarStyle = "";
				INFOPLIST_KEY_UISupportedInterfaceOrientations_iPad = "UIInterfaceOrientationPortrait UIInterfaceOrientationPortraitUpsideDown UIInterfaceOrientationLandscapeLeft UIInterfaceOrientationLandscapeRight";
				INFOPLIST_KEY_UISupportedInterfaceOrientations_iPhone = "UIInterfaceOrientationPortrait UIInterfaceOrientationLandscapeLeft UIInterfaceOrientationLandscapeRight";
				LD_RUNPATH_SEARCH_PATHS = (
					"$(inherited)",
					"@executable_path/Frameworks",
				);
				MARKETING_VERSION = 1.0;
				PRODUCT_BUNDLE_IDENTIFIER = me.nikstar.mytonwallet;
				PRODUCT_NAME = "$(TARGET_NAME)";
				PROVISIONING_PROFILE_SPECIFIER = "";
				SWIFT_EMIT_LOC_STRINGS = YES;
				SWIFT_VERSION = 5.0;
				TARGETED_DEVICE_FAMILY = "1,2";
			};
			name = Debug;
		};
		58511A952BA37F1600E08053 /* Release */ = {
			isa = XCBuildConfiguration;
			buildSettings = {
				ASSETCATALOG_COMPILER_APPICON_NAME = AppIcon;
				ASSETCATALOG_COMPILER_GLOBAL_ACCENT_COLOR_NAME = AccentColor;
				CODE_SIGN_ENTITLEMENTS = MyTonWallet/MyTonWallet.entitlements;
				CODE_SIGN_IDENTITY = "Apple Development";
				CODE_SIGN_STYLE = Automatic;
				CURRENT_PROJECT_VERSION = 2;
				DEVELOPMENT_ASSET_PATHS = "";
				DEVELOPMENT_TEAM = 6RX8GEVB43;
				ENABLE_PREVIEWS = YES;
				GENERATE_INFOPLIST_FILE = YES;
				INFOPLIST_FILE = mytonwallet/Info.plist;
				INFOPLIST_KEY_LSApplicationCategoryType = "public.app-category.finance";
				INFOPLIST_KEY_UIApplicationSceneManifest_Generation = YES;
				INFOPLIST_KEY_UIApplicationSupportsIndirectInputEvents = YES;
				INFOPLIST_KEY_UIStatusBarStyle = "";
				INFOPLIST_KEY_UISupportedInterfaceOrientations_iPad = "UIInterfaceOrientationPortrait UIInterfaceOrientationPortraitUpsideDown UIInterfaceOrientationLandscapeLeft UIInterfaceOrientationLandscapeRight";
				INFOPLIST_KEY_UISupportedInterfaceOrientations_iPhone = "UIInterfaceOrientationPortrait UIInterfaceOrientationLandscapeLeft UIInterfaceOrientationLandscapeRight";
				LD_RUNPATH_SEARCH_PATHS = (
					"$(inherited)",
					"@executable_path/Frameworks",
				);
				MARKETING_VERSION = 1.0;
				PRODUCT_BUNDLE_IDENTIFIER = me.nikstar.mytonwallet;
				PRODUCT_NAME = "$(TARGET_NAME)";
				PROVISIONING_PROFILE_SPECIFIER = "";
				SWIFT_EMIT_LOC_STRINGS = YES;
				SWIFT_VERSION = 5.0;
				TARGETED_DEVICE_FAMILY = "1,2";
			};
			name = Release;
		};
/* End XCBuildConfiguration section */

/* Begin XCConfigurationList section */
		58511A802BA37F1400E08053 /* Build configuration list for PBXProject "MyTonWallet" */ = {
			isa = XCConfigurationList;
			buildConfigurations = (
				58511A912BA37F1600E08053 /* Debug */,
				58511A922BA37F1600E08053 /* Release */,
			);
			defaultConfigurationIsVisible = 0;
			defaultConfigurationName = Release;
		};
		58511A932BA37F1600E08053 /* Build configuration list for PBXNativeTarget "MyTonWallet" */ = {
			isa = XCConfigurationList;
			buildConfigurations = (
				58511A942BA37F1600E08053 /* Debug */,
				58511A952BA37F1600E08053 /* Release */,
			);
			defaultConfigurationIsVisible = 0;
			defaultConfigurationName = Release;
		};
/* End XCConfigurationList section */

/* Begin XCRemoteSwiftPackageReference section */
		580D09152BAD91BF00575E4B /* XCRemoteSwiftPackageReference "lottie-spm" */ = {
			isa = XCRemoteSwiftPackageReference;
			repositoryURL = "https://github.com/airbnb/lottie-spm.git";
			requirement = {
				kind = upToNextMajorVersion;
				minimumVersion = 4.4.1;
			};
		};
		580D09182BAD922100575E4B /* XCRemoteSwiftPackageReference "GzipSwift" */ = {
			isa = XCRemoteSwiftPackageReference;
			repositoryURL = "https://github.com/1024jp/GzipSwift";
			requirement = {
				kind = upToNextMajorVersion;
				minimumVersion = 6.0.1;
			};
		};
		581867A82BD113DE001A1A91 /* XCRemoteSwiftPackageReference "swift-perception" */ = {
			isa = XCRemoteSwiftPackageReference;
			repositoryURL = "https://github.com/pointfreeco/swift-perception";
			requirement = {
				kind = upToNextMajorVersion;
				minimumVersion = 1.1.5;
			};
		};
		587539B32BDB23FE00A0B40E /* XCRemoteSwiftPackageReference "GRDB.swift" */ = {
			isa = XCRemoteSwiftPackageReference;
			repositoryURL = "https://github.com/groue/GRDB.swift.git";
			requirement = {
				kind = upToNextMajorVersion;
				minimumVersion = 6.27.0;
			};
		};
		58B934AE2BB4AE290086DEBC /* XCRemoteSwiftPackageReference "Pow" */ = {
			isa = XCRemoteSwiftPackageReference;
			repositoryURL = "https://github.com/EmergeTools/Pow";
			requirement = {
				kind = upToNextMajorVersion;
				minimumVersion = 1.0.3;
			};
		};
		58C8E6372BB2E6B100CDE5A0 /* XCRemoteSwiftPackageReference "SimpleToast" */ = {
			isa = XCRemoteSwiftPackageReference;
			repositoryURL = "https://github.com/sanzaru/SimpleToast";
			requirement = {
				kind = upToNextMajorVersion;
				minimumVersion = 0.8.1;
			};
		};
		58DDF77B2BA8E490003D9628 /* XCRemoteSwiftPackageReference "swift-algorithms" */ = {
			isa = XCRemoteSwiftPackageReference;
			repositoryURL = "https://github.com/apple/swift-algorithms.git";
			requirement = {
				kind = upToNextMajorVersion;
				minimumVersion = 1.2.0;
			};
		};
		58DDF77E2BA8E782003D9628 /* XCRemoteSwiftPackageReference "swift-collections" */ = {
			isa = XCRemoteSwiftPackageReference;
			repositoryURL = "https://github.com/apple/swift-collections.git";
			requirement = {
				kind = upToNextMajorVersion;
				minimumVersion = 1.1.0;
			};
		};
/* End XCRemoteSwiftPackageReference section */

/* Begin XCSwiftPackageProductDependency section */
		580D09162BAD91BF00575E4B /* Lottie */ = {
			isa = XCSwiftPackageProductDependency;
			package = 580D09152BAD91BF00575E4B /* XCRemoteSwiftPackageReference "lottie-spm" */;
			productName = Lottie;
		};
		580D09192BAD922100575E4B /* Gzip */ = {
			isa = XCSwiftPackageProductDependency;
			package = 580D09182BAD922100575E4B /* XCRemoteSwiftPackageReference "GzipSwift" */;
			productName = Gzip;
		};
		581867A92BD113DE001A1A91 /* Perception */ = {
			isa = XCSwiftPackageProductDependency;
			package = 581867A82BD113DE001A1A91 /* XCRemoteSwiftPackageReference "swift-perception" */;
			productName = Perception;
		};
		587539B42BDB23FE00A0B40E /* GRDB */ = {
			isa = XCSwiftPackageProductDependency;
			package = 587539B32BDB23FE00A0B40E /* XCRemoteSwiftPackageReference "GRDB.swift" */;
			productName = GRDB;
		};
		58B934AF2BB4AE290086DEBC /* Pow */ = {
			isa = XCSwiftPackageProductDependency;
			package = 58B934AE2BB4AE290086DEBC /* XCRemoteSwiftPackageReference "Pow" */;
			productName = Pow;
		};
		58C8E6382BB2E6B200CDE5A0 /* SimpleToast */ = {
			isa = XCSwiftPackageProductDependency;
			package = 58C8E6372BB2E6B100CDE5A0 /* XCRemoteSwiftPackageReference "SimpleToast" */;
			productName = SimpleToast;
		};
		58DDF77C2BA8E491003D9628 /* Algorithms */ = {
			isa = XCSwiftPackageProductDependency;
			package = 58DDF77B2BA8E490003D9628 /* XCRemoteSwiftPackageReference "swift-algorithms" */;
			productName = Algorithms;
		};
		58DDF77F2BA8E782003D9628 /* BitCollections */ = {
			isa = XCSwiftPackageProductDependency;
			package = 58DDF77E2BA8E782003D9628 /* XCRemoteSwiftPackageReference "swift-collections" */;
			productName = BitCollections;
		};
		58DDF7812BA8E782003D9628 /* Collections */ = {
			isa = XCSwiftPackageProductDependency;
			package = 58DDF77E2BA8E782003D9628 /* XCRemoteSwiftPackageReference "swift-collections" */;
			productName = Collections;
		};
		58DDF7832BA8E782003D9628 /* DequeModule */ = {
			isa = XCSwiftPackageProductDependency;
			package = 58DDF77E2BA8E782003D9628 /* XCRemoteSwiftPackageReference "swift-collections" */;
			productName = DequeModule;
		};
		58DDF7852BA8E782003D9628 /* HashTreeCollections */ = {
			isa = XCSwiftPackageProductDependency;
			package = 58DDF77E2BA8E782003D9628 /* XCRemoteSwiftPackageReference "swift-collections" */;
			productName = HashTreeCollections;
		};
		58DDF7872BA8E782003D9628 /* HeapModule */ = {
			isa = XCSwiftPackageProductDependency;
			package = 58DDF77E2BA8E782003D9628 /* XCRemoteSwiftPackageReference "swift-collections" */;
			productName = HeapModule;
		};
		58DDF7892BA8E782003D9628 /* OrderedCollections */ = {
			isa = XCSwiftPackageProductDependency;
			package = 58DDF77E2BA8E782003D9628 /* XCRemoteSwiftPackageReference "swift-collections" */;
			productName = OrderedCollections;
		};
		58DDF78B2BA8E782003D9628 /* _RopeModule */ = {
			isa = XCSwiftPackageProductDependency;
			package = 58DDF77E2BA8E782003D9628 /* XCRemoteSwiftPackageReference "swift-collections" */;
			productName = _RopeModule;
		};
/* End XCSwiftPackageProductDependency section */
	};
	rootObject = 58511A7D2BA37F1400E08053 /* Project object */;
}
